
Microsoft Visual Studio Solution File, Format Version 12.00
# Visual Studio Version 17
VisualStudioVersion = 17.3.32819.101
MinimumVisualStudioVersion = 10.0.40219.1
Project("{FAE04EC0-301F-11D3-BF4B-00C04F79EFBC}") = "studDemo1", "studDemo1\studDemo1.csproj", "{52620DCC-8D44-4A71-B471-930598103A44}"
EndProject
Global
	GlobalSection(SolutionConfigurationPlatforms) = preSolution
		Debug|Any CPU = Debug|Any CPU
		Release|Any CPU = Release|Any CPU
	EndGlobalSection
	GlobalSection(ProjectConfigurationPlatforms) = postSolution
		{52620DCC-8D44-4A71-B471-930598103A44}.Debug|Any CPU.ActiveCfg = Debug|Any CPU
		{52620DCC-8D44-4A71-B471-930598103A44}.Debug|Any CPU.Build.0 = Debug|Any CPU
		{52620DCC-8D44-4A71-B471-930598103A44}.Release|Any CPU.ActiveCfg = Release|Any CPU
		{52620DCC-8D44-4A71-B471-930598103A44}.Release|Any CPU.Build.0 = Release|Any CPU
	EndGlobalSection
	GlobalSection(SolutionProperties) = preSolution
		HideSolutionNode = FALSE
	EndGlobalSection
	GlobalSection(ExtensibilityGlobals) = postSolution
		SolutionGuid = {3A0CBCD7-B885-4201-B20F-FA7D96865618}
	EndGlobalSection
EndGlobal
